
Microsoft Visual Studio Solution File, Format Version 12.00
# Visual Studio Version 17
VisualStudioVersion = 17.0.31903.59
MinimumVisualStudioVersion = 10.0.40219.1
Project("{FAE04EC0-301F-11D3-BF4B-00C04F79EFBC}") = "DateTimeHelper", "DateTimeHelper\DateTimeHelper.csproj", "{DB465F62-5D43-4273-95C9-6813B99DD99A}"
EndProject
Project("{FAE04EC0-301F-11D3-BF4B-00C04F79EFBC}") = "DateTimeHelper.Test", "DateTimeHelper.Test\DateTimeHelper.Test.csproj", "{82D43131-2270-4A05-8CE3-8C65408879D7}"
EndProject
Global
	GlobalSection(SolutionConfigurationPlatforms) = preSolution
		Debug|Any CPU = Debug|Any CPU
		Release|Any CPU = Release|Any CPU
	EndGlobalSection
	GlobalSection(SolutionProperties) = preSolution
		HideSolutionNode = FALSE
	EndGlobalSection
	GlobalSection(ProjectConfigurationPlatforms) = postSolution
		{DB465F62-5D43-4273-95C9-6813B99DD99A}.Debug|Any CPU.ActiveCfg = Debug|Any CPU
		{DB465F62-5D43-4273-95C9-6813B99DD99A}.Debug|Any CPU.Build.0 = Debug|Any CPU
		{DB465F62-5D43-4273-95C9-6813B99DD99A}.Release|Any CPU.ActiveCfg = Release|Any CPU
		{DB465F62-5D43-4273-95C9-6813B99DD99A}.Release|Any CPU.Build.0 = Release|Any CPU
		{82D43131-2270-4A05-8CE3-8C65408879D7}.Debug|Any CPU.ActiveCfg = Debug|Any CPU
		{82D43131-2270-4A05-8CE3-8C65408879D7}.Debug|Any CPU.Build.0 = Debug|Any CPU
		{82D43131-2270-4A05-8CE3-8C65408879D7}.Release|Any CPU.ActiveCfg = Release|Any CPU
		{82D43131-2270-4A05-8CE3-8C65408879D7}.Release|Any CPU.Build.0 = Release|Any CPU
	EndGlobalSection
EndGlobal
